github.com/BurntSushi/toml v1.3.2 h1:o7IhLm0Msx3BaB+n3Ag7L8EVlByGnpq14C4YWiu/gL8=
github.com/BurntSushi/toml v1.3.2/go.mod h1:CxXYINrC8qIiEnFrOxCa7Jy5BFHlXnUU2pbicEuybxQ=
github.com/google/go-cmp v0.5.9 h1:O2Tfq5qg4qc4AmwVlvv0oLiVAGB7enBSJ2x2DqQFi38=
github.com/google/uuid v1.3.0 h1:t6JiXgmwXMjEs8VusXIJk2BXHsn+wx8BZdTaoZ5fu7I=
github.com/google/uuid v1.3.0/go.mod h1:TIyPZe4MgqvfeYDBFedMoGGpEw/LqOeaOT+nhxU+yHo=
github.com/koizuka/go-switchbot/v3 v3.0.2-0.20230805050340-e721d4da7f5d h1:Cxtkm6T0MtC6o+3qDLBE7p79zjTSGFxpHSNL0C2wFaY=
github.com/koizuka/go-switchbot/v3 v3.0.2-0.20230805050340-e721d4da7f5d/go.mod h1:hrZUTHehZjib+vOCk9Rik5xvKQJ0KZKDOmyiIzonlI4=
